<?xml version="1.0" encoding="utf-8"?>
<Project ToolsVersion="4.0" xmlns="http://schemas.microsoft.com/developer/msbuild/2003">
  <ItemGroup>
    <ClCompile Include="glew.c">
      <Filter>source</Filter>
    </ClCompile>
    <ClCompile Include="stb_image.cpp">
      <Filter>source</Filter>
    </ClCompile>
    <ClCompile Include="lesson204.cpp">
      <Filter>source</Filter>
    </ClCompile>
  </ItemGroup>
  <ItemGroup>
    <ClInclude Include="GLContext.h">
      <Filter>header</Filter>
    </ClInclude>
    <ClInclude Include="Camera.hpp">
      <Filter>header</Filter>
    </ClInclude>
    <ClInclude Include="GLSLProgram.hpp">
      <Filter>header</Filter>
    </ClInclude>
    <ClInclude Include="ModelBox.hpp">
      <Filter>header</Filter>
    </ClInclude>
    <ClInclude Include="ShaderLight.hpp">
      <Filter>header</Filter>
    </ClInclude>
    <ClInclude Include="OpenGLWindow.h">
      <Filter>header</Filter>
    </ClInclude>
    <ClInclude Include="stb_image.h">
      <Filter>header</Filter>
    </ClInclude>
  </ItemGroup>
  <ItemGroup>
    <Filter Include="header">
      <UniqueIdentifier>{9fffbdf7-7604-440a-9358-6a74436787e4}</UniqueIdentifier>
    </Filter>
    <Filter Include="source">
      <UniqueIdentifier>{736ecf2d-5495-4ad6-b5fe-98a58943a7b7}</UniqueIdentifier>
    </Filter>
  </ItemGroup>
</Project>